
Microsoft Visual Studio Solution File, Format Version 12.00
# Visual Studio 15
VisualStudioVersion = 15.0.27004.2005
MinimumVisualStudioVersion = 10.0.40219.1
Project("{FAE04EC0-301F-11D3-BF4B-00C04F79EFBC}") = "TestParityPerformance", "TestParityPerformance\TestParityPerformance.csproj", "{C827D69F-74DB-452C-B9D6-BC41376F29ED}"
EndProject
Global
	GlobalSection(SolutionConfigurationPlatforms) = preSolution
		Debug|Any CPU = Debug|Any CPU
		Release|Any CPU = Release|Any CPU
	EndGlobalSection
	GlobalSection(ProjectConfigurationPlatforms) = postSolution
		{C827D69F-74DB-452C-B9D6-BC41376F29ED}.Debug|Any CPU.ActiveCfg = Debug|Any CPU
		{C827D69F-74DB-452C-B9D6-BC41376F29ED}.Debug|Any CPU.Build.0 = Debug|Any CPU
		{C827D69F-74DB-452C-B9D6-BC41376F29ED}.Release|Any CPU.ActiveCfg = Release|Any CPU
		{C827D69F-74DB-452C-B9D6-BC41376F29ED}.Release|Any CPU.Build.0 = Release|Any CPU
	EndGlobalSection
	GlobalSection(SolutionProperties) = preSolution
		HideSolutionNode = FALSE
	EndGlobalSection
	GlobalSection(ExtensibilityGlobals) = postSolution
		SolutionGuid = {38F911D5-6194-47F8-BD8D-A487B87378EF}
	EndGlobalSection
EndGlobal
